PODS:
  - Braintree (4.17.0):
    - Braintree/Card (= 4.17.0)
    - Braintree/Core (= 4.17.0)
    - Braintree/PayPal (= 4.17.0)
    - Braintree/UI (= 4.17.0)
  - Braintree/Card (4.17.0):
    - Braintree/Core
  - Braintree/Core (4.17.0)
  - Braintree/PayPal (4.17.0):
    - Braintree/Core
    - Braintree/PayPalOneTouch
  - Braintree/PayPalDataCollector (4.17.0):
    - Braintree/Core
    - Braintree/PayPalUtils
  - Braintree/PayPalOneTouch (4.17.0):
    - Braintree/Core
    - Braintree/PayPalDataCollector
    - Braintree/PayPalUtils
  - Braintree/PayPalUtils (4.17.0)
  - Braintree/UI (4.17.0):
    - Braintree/Card
    - Braintree/Core

DEPENDENCIES:
  - Braintree

SPEC REPOS:
  https://github.com/cocoapods/specs.git:
    - Braintree

SPEC CHECKSUMS:
  Braintree: 9681cef8240c8ad9e67493d5c19418041e6c259a

PODFILE CHECKSUM: 2198494fb435c2b7912eacc636d34a00c2c5d5a1

COCOAPODS: 1.5.3
